// !$*UTF8*$!
{
	archiveVersion = 1;
	classes = {
	};
	objectVersion = 46;
	objects = {

/* Begin PBXBuildFile section */
		90911D931DF4E529008FF245 /* AppDelegate.swift in Sources */ = {isa = PBXBuildFile; fileRef = 90911D921DF4E529008FF245 /* AppDelegate.swift */; };
		90911D951DF4E529008FF245 /* ViewController.swift in Sources */ = {isa = PBXBuildFile; fileRef = 90911D941DF4E529008FF245 /* ViewController.swift */; };
		90911D981DF4E529008FF245 /* Main.storyboard in Resources */ = {isa = PBXBuildFile; fileRef = 90911D961DF4E529008FF245 /* Main.storyboard */; };
		90911D9A1DF4E529008FF245 /* Assets.xcassets in Resources */ = {isa = PBXBuildFile; fileRef = 90911D991DF4E529008FF245 /* Assets.xcassets */; };
		90911D9D1DF4E529008FF245 /* LaunchScreen.storyboard in Resources */ = {isa = PBXBuildFile; fileRef = 90911D9B1DF4E529008FF245 /* LaunchScreen.storyboard */; };
/* End PBXBuildFile section */

/* Begin PBXFileReference section */
		90911D8F1DF4E529008FF245 /* ImagePicker60.app */ = {isa = PBXFileReference; explicitFileType = wrapper.application; includeInIndex = 0; path = ImagePicker60.app; sourceTree = BUILT_PRODUCTS_DIR; };
		90911D921DF4E529008FF245 /* AppDelegate.swift */ = {isa = PBXFileReference; lastKnownFileType = sourcecode.swift; path = AppDelegate.swift; sourceTree = "<group>"; };
		90911D941DF4E529008FF245 /* ViewController.swift */ = {isa = PBXFileReference; lastKnownFileType = sourcecode.swift; path = ViewController.swift; sourceTree = "<group>"; };
		90911D971DF4E529008FF245 /* Base */ = {isa = PBXFileReference; lastKnownFileType = file.storyboard; name = Base; path = Base.lproj/Main.storyboard; sourceTree = "<group>"; };
		90911D991DF4E529008FF245 /* Assets.xcassets */ = {isa = PBXFileReference; lastKnownFileType = folder.assetcatalog; path = Assets.xcassets; sourceTree = "<group>"; };
		90911D9C1DF4E529008FF245 /* Base */ = {isa = PBXFileReference; lastKnownFileType = file.storyboard; name = Base; path = Base.lproj/LaunchScreen.storyboard; sourceTree = "<group>"; };
		90911D9E1DF4E529008FF245 /* Info.plist */ = {isa = PBXFileReference; lastKnownFileType = text.plist.xml; path = Info.plist; sourceTree = "<group>"; };
/* End PBXFileReference section */

/* Begin PBXFrameworksBuildPhase section */
		90911D8C1DF4E529008FF245 /* Frameworks */ = {
			isa = PBXFrameworksBuildPhase;
			buildActionMask = 2147483647;
			files = (
			);
			runOnlyForDeploymentPostprocessing = 0;
		};
/* End PBXFrameworksBuildPhase section */

/* Begin PBXGroup section */
		90911D861DF4E529008FF245 = {
			isa = PBXGroup;
			children = (
				90911D911DF4E529008FF245 /* ImagePicker60 */,
				90911D901DF4E529008FF245 /* Products */,
			);
			sourceTree = "<group>";
		};
		90911D901DF4E529008FF245 /* Products */ = {
			isa = PBXGroup;
			children = (
				90911D8F1DF4E529008FF245 /* ImagePicker60.app */,
			);
			name = Products;
			sourceTree = "<group>";
		};
		90911D911DF4E529008FF245 /* ImagePicker60 */ = {
			isa = PBXGroup;
			children = (
				90911D921DF4E529008FF245 /* AppDelegate.swift */,
				90911D941DF4E529008FF245 /* ViewController.swift */,
				90911D961DF4E529008FF245 /* Main.storyboard */,
				90911D991DF4E529008FF245 /* Assets.xcassets */,
				90911D9B1DF4E529008FF245 /* LaunchScreen.storyboard */,
				90911D9E1DF4E529008FF245 /* Info.plist */,
			);
			path = ImagePicker60;
			sourceTree = "<group>";
		};
/* End PBXGroup section */

/* Begin PBXNativeTarget section */
		90911D8E1DF4E529008FF245 /* ImagePicker60 */ = {
			isa = PBXNativeTarget;
			buildConfigurationList = 90911DA11DF4E529008FF245 /* Build configuration list for PBXNativeTarget "ImagePicker60" */;
			buildPhases = (
				90911D8B1DF4E529008FF245 /* Sources */,
				90911D8C1DF4E529008FF245 /* Frameworks */,
				90911D8D1DF4E529008FF245 /* Resources */,
			);
			buildRules = (
			);
			dependencies = (
			);
			name = ImagePicker60;
			productName = ImagePicker60;
			productReference = 90911D8F1DF4E529008FF245 /* ImagePicker60.app */;
			productType = "com.apple.product-type.application";
		};
/* End PBXNativeTarget section */

/* Begin PBXProject section */
		90911D871DF4E529008FF245 /* Project object */ = {
			isa = PBXProject;
			attributes = {
				LastSwiftUpdateCheck = 0810;
				LastUpgradeCheck = 0810;
				ORGANIZATIONNAME = "Sam Stone";
				TargetAttributes = {
					90911D8E1DF4E529008FF245 = {
						CreatedOnToolsVersion = 8.1;
						DevelopmentTeam = Z42795RMH9;
						ProvisioningStyle = Automatic;
					};
				};
			};
			buildConfigurationList = 90911D8A1DF4E529008FF245 /* Build configuration list for PBXProject "ImagePicker60" */;
			compatibilityVersion = "Xcode 3.2";
			developmentRegion = English;
			hasScannedForEncodings = 0;
			knownRegions = (
				en,
				Base,
			);
			mainGroup = 90911D861DF4E529008FF245;
			productRefGroup = 90911D901DF4E529008FF245 /* Products */;
			projectDirPath = "";
			projectRoot = "";
			targets = (
				90911D8E1DF4E529008FF245 /* ImagePicker60 */,
			);
		};
/* End PBXProject section */

/* Begin PBXResourcesBuildPhase section */
		90911D8D1DF4E529008FF245 /* Resources */ = {
			isa = PBXResourcesBuildPhase;
			buildActionMask = 2147483647;
			files = (
				90911D9D1DF4E529008FF245 /* LaunchScreen.storyboard in Resources */,
				90911D9A1DF4E529008FF245 /* Assets.xcassets in Resources */,
				90911D981DF4E529008FF245 /* Main.storyboard in Resources */,
			);
			runOnlyForDeploymentPostprocessing = 0;
		};
/* End PBXResourcesBuildPhase section */

/* Begin PBXSourcesBuildPhase section */
		90911D8B1DF4E529008FF245 /* Sources */ = {
			isa = PBXSourcesBuildPhase;
			buildActionMask = 2147483647;
			files = (
				90911D951DF4E529008FF245 /* ViewController.swift in Sources */,
				90911D931DF4E529008FF245 /* AppDelegate.swift in Sources */,
			);
			runOnlyForDeploymentPostprocessing = 0;
		};
/* End PBXSourcesBuildPhase section */

/* Begin PBXVariantGroup section */
		90911D961DF4E529008FF245 /* Main.storyboard */ = {
			isa = PBXVariantGroup;
			children = (
				90911D971DF4E529008FF245 /* Base */,
			);
			name = Main.storyboard;
			sourceTree = "<group>";
		};
		90911D9B1DF4E529008FF245 /* LaunchScreen.storyboard */ = {
			isa = PBXVariantGroup;
			children = (
				90911D9C1DF4E529008FF245 /* Base */,
			);
			name = LaunchScreen.storyboard;
			sourceTree = "<group>";
		};
/* End PBXVariantGroup section */

/* Begin XCBuildConfiguration section */
		90911D9F1DF4E529008FF245 /* Debug */ = {
			isa = XCBuildConfiguration;
			buildSettings = {
				ALWAYS_SEARCH_USER_PATHS = NO;
				CLANG_ANALYZER_NONNULL = YES;
				CLANG_CXX_LANGUAGE_STANDARD = "gnu++0x";
				CLANG_CXX_LIBRARY = "libc++";
				CLANG_ENABLE_MODULES = YES;
				CLANG_ENABLE_OBJC_ARC = YES;
				CLANG_WARN_BOOL_CONVERSION = YES;
				CLANG_WARN_CONSTANT_CONVERSION = YES;
				CLANG_WARN_DIRECT_OBJC_ISA_USAGE = YES_ERROR;
				CLANG_WARN_DOCUMENTATION_COMMENTS = YES;
				CLANG_WARN_EMPTY_BODY = YES;
				CLANG_WARN_ENUM_CONVERSION = YES;
				CLANG_WARN_INFINITE_RECURSION = YES;
				CLANG_WARN_INT_CONVERSION = YES;
				CLANG_WARN_OBJC_ROOT_CLASS = YES_ERROR;
				CLANG_WARN_SUSPICIOUS_MOVES = YES;
				CLANG_WARN_UNREACHABLE_CODE = YES;
				CLANG_WARN__DUPLICATE_METHOD_MATCH = YES;
				"CODE_SIGN_IDENTITY[sdk=iphoneos*]" = "iPhone Developer";
				COPY_PHASE_STRIP = NO;
				DEBUG_INFORMATION_FORMAT = dwarf;
				ENABLE_STRICT_OBJC_MSGSEND = YES;
				ENABLE_TESTABILITY = YES;
				GCC_C_LANGUAGE_STANDARD = gnu99;
				GCC_DYNAMIC_NO_PIC = NO;
				GCC_NO_COMMON_BLOCKS = YES;
				GCC_OPTIMIZATION_LEVEL = 0;
				GCC_PREPROCESSOR_DEFINITIONS = (
					"DEBUG=1",
					"$(inherited)",
				);
				GCC_WARN_64_TO_32_BIT_CONVERSION = YES;
				GCC_WARN_ABOUT_RETURN_TYPE = YES_ERROR;
				GCC_WARN_UNDECLARED_SELECTOR = YES;
				GCC_WARN_UNINITIALIZED_AUTOS = YES_AGGRESSIVE;
				GCC_WARN_UNUSED_FUNCTION = YES;
				GCC_WARN_UNUSED_VARIABLE = YES;
				IPHONEOS_DEPLOYMENT_TARGET = 10.1;
				MTL_ENABLE_DEBUG_INFO = YES;
				ONLY_ACTIVE_ARCH = YES;
				SDKROOT = iphoneos;
				SWIFT_ACTIVE_COMPILATION_CONDITIONS = DEBUG;
				SWIFT_OPTIMIZATION_LEVEL = "-Onone";
				TARGETED_DEVICE_FAMILY = "1,2";
			};
			name = Debug;
		};
		90911DA01DF4E529008FF245 /* Release */ = {
			isa = XCBuildConfiguration;
			buildSettings = {
				ALWAYS_SEARCH_USER_PATHS = NO;
				CLANG_ANALYZER_NONNULL = YES;
				CLANG_CXX_LANGUAGE_STANDARD = "gnu++0x";
				CLANG_CXX_LIBRARY = "libc++";
				CLANG_ENABLE_MODULES = YES;
				CLANG_ENABLE_OBJC_ARC = YES;
				CLANG_WARN_BOOL_CONVERSION = YES;
				CLANG_WARN_CONSTANT_CONVERSION = YES;
				CLANG_WARN_DIRECT_OBJC_ISA_USAGE = YES_ERROR;
				CLANG_WARN_DOCUMENTATION_COMMENTS = YES;
				CLANG_WARN_EMPTY_BODY = YES;
				CLANG_WARN_ENUM_CONVERSION = YES;
				CLANG_WARN_INFINITE_RECURSION = YES;
				CLANG_WARN_INT_CONVERSION = YES;
				CLANG_WARN_OBJC_ROOT_CLASS = YES_ERROR;
				CLANG_WARN_SUSPICIOUS_MOVES = YES;
				CLANG_WARN_UNREACHABLE_CODE = YES;
				CLANG_WARN__DUPLICATE_METHOD_MATCH = YES;
				"CODE_SIGN_IDENTITY[sdk=iphoneos*]" = "iPhone Developer";
				COPY_PHASE_STRIP = NO;
				DEBUG_INFORMATION_FORMAT = "dwarf-with-dsym";
				ENABLE_NS_ASSERTIONS = NO;
				ENABLE_STRICT_OBJC_MSGSEND = YES;
				GCC_C_LANGUAGE_STANDARD = gnu99;
				GCC_NO_COMMON_BLOCKS = YES;
				GCC_WARN_64_TO_32_BIT_CONVERSION = YES;
				GCC_WARN_ABOUT_RETURN_TYPE = YES_ERROR;
				GCC_WARN_UNDECLARED_SELECTOR = YES;
				GCC_WARN_UNINITIALIZED_AUTOS = YES_AGGRESSIVE;
				GCC_WARN_UNUSED_FUNCTION = YES;
				GCC_WARN_UNUSED_VARIABLE = YES;
				IPHONEOS_DEPLOYMENT_TARGET = 10.1;
				MTL_ENABLE_DEBUG_INFO = NO;
				SDKROOT = iphoneos;
				SWIFT_OPTIMIZATION_LEVEL = "-Owholemodule";
				TARGETED_DEVICE_FAMILY = "1,2";
				VALIDATE_PRODUCT = YES;
			};
			name = Release;
		};
		90911DA21DF4E529008FF245 /* Debug */ = {
			isa = XCBuildConfiguration;
			buildSettings = {
				ASSETCATALOG_COMPILER_APPICON_NAME = AppIcon;
				DEVELOPMENT_TEAM = Z42795RMH9;
				INFOPLIST_FILE = ImagePicker60/Info.plist;
				IPHONEOS_DEPLOYMENT_TARGET = 10.0;
				LD_RUNPATH_SEARCH_PATHS = "$(inherited) @executable_path/Frameworks";
				PRODUCT_BUNDLE_IDENTIFIER = Swift60.ImagePicker60;
				PRODUCT_NAME = "$(TARGET_NAME)";
				SWIFT_VERSION = 3.0;
			};
			name = Debug;
		};
		90911DA31DF4E529008FF245 /* Release */ = {
			isa = XCBuildConfiguration;
			buildSettings = {
				ASSETCATALOG_COMPILER_APPICON_NAME = AppIcon;
				DEVELOPMENT_TEAM = Z42795RMH9;
				INFOPLIST_FILE = ImagePicker60/Info.plist;
				IPHONEOS_DEPLOYMENT_TARGET = 10.0;
				LD_RUNPATH_SEARCH_PATHS = "$(inherited) @executable_path/Frameworks";
				PRODUCT_BUNDLE_IDENTIFIER = Swift60.ImagePicker60;
				PRODUCT_NAME = "$(TARGET_NAME)";
				SWIFT_VERSION = 3.0;
			};
			name = Release;
		};
/* End XCBuildConfiguration section */

/* Begin XCConfigurationList section */
		90911D8A1DF4E529008FF245 /* Build configuration list for PBXProject "ImagePicker60" */ = {
			isa = XCConfigurationList;
			buildConfigurations = (
				90911D9F1DF4E529008FF245 /* Debug */,
				90911DA01DF4E529008FF245 /* Release */,
			);
			defaultConfigurationIsVisible = 0;
			defaultConfigurationName = Release;
		};
		90911DA11DF4E529008FF245 /* Build configuration list for PBXNativeTarget "ImagePicker60" */ = {
			isa = XCConfigurationList;
			buildConfigurations = (
				90911DA21DF4E529008FF245 /* Debug */,
				90911DA31DF4E529008FF245 /* Release */,
			);
			defaultConfigurationIsVisible = 0;
		};
/* End XCConfigurationList section */
	};
	rootObject = 90911D871DF4E529008FF245 /* Project object */;
}
