// !$*UTF8*$!
{
	archiveVersion = 1;
	classes = {
	};
	objectVersion = 46;
	objects = {

/* Begin PBXBuildFile section */
		90162E611DF497B10048364A /* AppDelegate.swift in Sources */ = {isa = PBXBuildFile; fileRef = 90162E601DF497B10048364A /* AppDelegate.swift */; };
		90162E631DF497B10048364A /* ViewController.swift in Sources */ = {isa = PBXBuildFile; fileRef = 90162E621DF497B10048364A /* ViewController.swift */; };
		90162E661DF497B10048364A /* Main.storyboard in Resources */ = {isa = PBXBuildFile; fileRef = 90162E641DF497B10048364A /* Main.storyboard */; };
		90162E681DF497B10048364A /* Assets.xcassets in Resources */ = {isa = PBXBuildFile; fileRef = 90162E671DF497B10048364A /* Assets.xcassets */; };
		90162E6B1DF497B10048364A /* LaunchScreen.storyboard in Resources */ = {isa = PBXBuildFile; fileRef = 90162E691DF497B10048364A /* LaunchScreen.storyboard */; };
/* End PBXBuildFile section */

/* Begin PBXFileReference section */
		90162E5D1DF497B10048364A /* Fire60.app */ = {isa = PBXFileReference; explicitFileType = wrapper.application; includeInIndex = 0; path = Fire60.app; sourceTree = BUILT_PRODUCTS_DIR; };
		90162E601DF497B10048364A /* AppDelegate.swift */ = {isa = PBXFileReference; lastKnownFileType = sourcecode.swift; path = AppDelegate.swift; sourceTree = "<group>"; };
		90162E621DF497B10048364A /* ViewController.swift */ = {isa = PBXFileReference; lastKnownFileType = sourcecode.swift; path = ViewController.swift; sourceTree = "<group>"; };
		90162E651DF497B10048364A /* Base */ = {isa = PBXFileReference; lastKnownFileType = file.storyboard; name = Base; path = Base.lproj/Main.storyboard; sourceTree = "<group>"; };
		90162E671DF497B10048364A /* Assets.xcassets */ = {isa = PBXFileReference; lastKnownFileType = folder.assetcatalog; path = Assets.xcassets; sourceTree = "<group>"; };
		90162E6A1DF497B10048364A /* Base */ = {isa = PBXFileReference; lastKnownFileType = file.storyboard; name = Base; path = Base.lproj/LaunchScreen.storyboard; sourceTree = "<group>"; };
		90162E6C1DF497B10048364A /* Info.plist */ = {isa = PBXFileReference; lastKnownFileType = text.plist.xml; path = Info.plist; sourceTree = "<group>"; };
/* End PBXFileReference section */

/* Begin PBXFrameworksBuildPhase section */
		90162E5A1DF497B10048364A /* Frameworks */ = {
			isa = PBXFrameworksBuildPhase;
			buildActionMask = 2147483647;
			files = (
			);
			runOnlyForDeploymentPostprocessing = 0;
		};
/* End PBXFrameworksBuildPhase section */

/* Begin PBXGroup section */
		90162E541DF497B10048364A = {
			isa = PBXGroup;
			children = (
				90162E5F1DF497B10048364A /* Fire60 */,
				90162E5E1DF497B10048364A /* Products */,
			);
			sourceTree = "<group>";
		};
		90162E5E1DF497B10048364A /* Products */ = {
			isa = PBXGroup;
			children = (
				90162E5D1DF497B10048364A /* Fire60.app */,
			);
			name = Products;
			sourceTree = "<group>";
		};
		90162E5F1DF497B10048364A /* Fire60 */ = {
			isa = PBXGroup;
			children = (
				90162E601DF497B10048364A /* AppDelegate.swift */,
				90162E621DF497B10048364A /* ViewController.swift */,
				90162E641DF497B10048364A /* Main.storyboard */,
				90162E671DF497B10048364A /* Assets.xcassets */,
				90162E691DF497B10048364A /* LaunchScreen.storyboard */,
				90162E6C1DF497B10048364A /* Info.plist */,
			);
			path = Fire60;
			sourceTree = "<group>";
		};
/* End PBXGroup section */

/* Begin PBXNativeTarget section */
		90162E5C1DF497B10048364A /* Fire60 */ = {
			isa = PBXNativeTarget;
			buildConfigurationList = 90162E6F1DF497B10048364A /* Build configuration list for PBXNativeTarget "Fire60" */;
			buildPhases = (
				90162E591DF497B10048364A /* Sources */,
				90162E5A1DF497B10048364A /* Frameworks */,
				90162E5B1DF497B10048364A /* Resources */,
			);
			buildRules = (
			);
			dependencies = (
			);
			name = Fire60;
			productName = Fire60;
			productReference = 90162E5D1DF497B10048364A /* Fire60.app */;
			productType = "com.apple.product-type.application";
		};
/* End PBXNativeTarget section */

/* Begin PBXProject section */
		90162E551DF497B10048364A /* Project object */ = {
			isa = PBXProject;
			attributes = {
				LastSwiftUpdateCheck = 0810;
				LastUpgradeCheck = 0810;
				ORGANIZATIONNAME = "Sam Stone";
				TargetAttributes = {
					90162E5C1DF497B10048364A = {
						CreatedOnToolsVersion = 8.1;
						DevelopmentTeam = Z42795RMH9;
						ProvisioningStyle = Automatic;
					};
				};
			};
			buildConfigurationList = 90162E581DF497B10048364A /* Build configuration list for PBXProject "Fire60" */;
			compatibilityVersion = "Xcode 3.2";
			developmentRegion = English;
			hasScannedForEncodings = 0;
			knownRegions = (
				en,
				Base,
			);
			mainGroup = 90162E541DF497B10048364A;
			productRefGroup = 90162E5E1DF497B10048364A /* Products */;
			projectDirPath = "";
			projectRoot = "";
			targets = (
				90162E5C1DF497B10048364A /* Fire60 */,
			);
		};
/* End PBXProject section */

/* Begin PBXResourcesBuildPhase section */
		90162E5B1DF497B10048364A /* Resources */ = {
			isa = PBXResourcesBuildPhase;
			buildActionMask = 2147483647;
			files = (
				90162E6B1DF497B10048364A /* LaunchScreen.storyboard in Resources */,
				90162E681DF497B10048364A /* Assets.xcassets in Resources */,
				90162E661DF497B10048364A /* Main.storyboard in Resources */,
			);
			runOnlyForDeploymentPostprocessing = 0;
		};
/* End PBXResourcesBuildPhase section */

/* Begin PBXSourcesBuildPhase section */
		90162E591DF497B10048364A /* Sources */ = {
			isa = PBXSourcesBuildPhase;
			buildActionMask = 2147483647;
			files = (
				90162E631DF497B10048364A /* ViewController.swift in Sources */,
				90162E611DF497B10048364A /* AppDelegate.swift in Sources */,
			);
			runOnlyForDeploymentPostprocessing = 0;
		};
/* End PBXSourcesBuildPhase section */

/* Begin PBXVariantGroup section */
		90162E641DF497B10048364A /* Main.storyboard */ = {
			isa = PBXVariantGroup;
			children = (
				90162E651DF497B10048364A /* Base */,
			);
			name = Main.storyboard;
			sourceTree = "<group>";
		};
		90162E691DF497B10048364A /* LaunchScreen.storyboard */ = {
			isa = PBXVariantGroup;
			children = (
				90162E6A1DF497B10048364A /* Base */,
			);
			name = LaunchScreen.storyboard;
			sourceTree = "<group>";
		};
/* End PBXVariantGroup section */

/* Begin XCBuildConfiguration section */
		90162E6D1DF497B10048364A /* Debug */ = {
			isa = XCBuildConfiguration;
			buildSettings = {
				ALWAYS_SEARCH_USER_PATHS = NO;
				CLANG_ANALYZER_NONNULL = YES;
				CLANG_CXX_LANGUAGE_STANDARD = "gnu++0x";
				CLANG_CXX_LIBRARY = "libc++";
				CLANG_ENABLE_MODULES = YES;
				CLANG_ENABLE_OBJC_ARC = YES;
				CLANG_WARN_BOOL_CONVERSION = YES;
				CLANG_WARN_CONSTANT_CONVERSION = YES;
				CLANG_WARN_DIRECT_OBJC_ISA_USAGE = YES_ERROR;
				CLANG_WARN_DOCUMENTATION_COMMENTS = YES;
				CLANG_WARN_EMPTY_BODY = YES;
				CLANG_WARN_ENUM_CONVERSION = YES;
				CLANG_WARN_INFINITE_RECURSION = YES;
				CLANG_WARN_INT_CONVERSION = YES;
				CLANG_WARN_OBJC_ROOT_CLASS = YES_ERROR;
				CLANG_WARN_SUSPICIOUS_MOVES = YES;
				CLANG_WARN_UNREACHABLE_CODE = YES;
				CLANG_WARN__DUPLICATE_METHOD_MATCH = YES;
				"CODE_SIGN_IDENTITY[sdk=iphoneos*]" = "iPhone Developer";
				COPY_PHASE_STRIP = NO;
				DEBUG_INFORMATION_FORMAT = dwarf;
				ENABLE_STRICT_OBJC_MSGSEND = YES;
				ENABLE_TESTABILITY = YES;
				GCC_C_LANGUAGE_STANDARD = gnu99;
				GCC_DYNAMIC_NO_PIC = NO;
				GCC_NO_COMMON_BLOCKS = YES;
				GCC_OPTIMIZATION_LEVEL = 0;
				GCC_PREPROCESSOR_DEFINITIONS = (
					"DEBUG=1",
					"$(inherited)",
				);
				GCC_WARN_64_TO_32_BIT_CONVERSION = YES;
				GCC_WARN_ABOUT_RETURN_TYPE = YES_ERROR;
				GCC_WARN_UNDECLARED_SELECTOR = YES;
				GCC_WARN_UNINITIALIZED_AUTOS = YES_AGGRESSIVE;
				GCC_WARN_UNUSED_FUNCTION = YES;
				GCC_WARN_UNUSED_VARIABLE = YES;
				IPHONEOS_DEPLOYMENT_TARGET = 10.1;
				MTL_ENABLE_DEBUG_INFO = YES;
				ONLY_ACTIVE_ARCH = YES;
				SDKROOT = iphoneos;
				SWIFT_ACTIVE_COMPILATION_CONDITIONS = DEBUG;
				SWIFT_OPTIMIZATION_LEVEL = "-Onone";
				TARGETED_DEVICE_FAMILY = "1,2";
			};
			name = Debug;
		};
		90162E6E1DF497B10048364A /* Release */ = {
			isa = XCBuildConfiguration;
			buildSettings = {
				ALWAYS_SEARCH_USER_PATHS = NO;
				CLANG_ANALYZER_NONNULL = YES;
				CLANG_CXX_LANGUAGE_STANDARD = "gnu++0x";
				CLANG_CXX_LIBRARY = "libc++";
				CLANG_ENABLE_MODULES = YES;
				CLANG_ENABLE_OBJC_ARC = YES;
				CLANG_WARN_BOOL_CONVERSION = YES;
				CLANG_WARN_CONSTANT_CONVERSION = YES;
				CLANG_WARN_DIRECT_OBJC_ISA_USAGE = YES_ERROR;
				CLANG_WARN_DOCUMENTATION_COMMENTS = YES;
				CLANG_WARN_EMPTY_BODY = YES;
				CLANG_WARN_ENUM_CONVERSION = YES;
				CLANG_WARN_INFINITE_RECURSION = YES;
				CLANG_WARN_INT_CONVERSION = YES;
				CLANG_WARN_OBJC_ROOT_CLASS = YES_ERROR;
				CLANG_WARN_SUSPICIOUS_MOVES = YES;
				CLANG_WARN_UNREACHABLE_CODE = YES;
				CLANG_WARN__DUPLICATE_METHOD_MATCH = YES;
				"CODE_SIGN_IDENTITY[sdk=iphoneos*]" = "iPhone Developer";
				COPY_PHASE_STRIP = NO;
				DEBUG_INFORMATION_FORMAT = "dwarf-with-dsym";
				ENABLE_NS_ASSERTIONS = NO;
				ENABLE_STRICT_OBJC_MSGSEND = YES;
				GCC_C_LANGUAGE_STANDARD = gnu99;
				GCC_NO_COMMON_BLOCKS = YES;
				GCC_WARN_64_TO_32_BIT_CONVERSION = YES;
				GCC_WARN_ABOUT_RETURN_TYPE = YES_ERROR;
				GCC_WARN_UNDECLARED_SELECTOR = YES;
				GCC_WARN_UNINITIALIZED_AUTOS = YES_AGGRESSIVE;
				GCC_WARN_UNUSED_FUNCTION = YES;
				GCC_WARN_UNUSED_VARIABLE = YES;
				IPHONEOS_DEPLOYMENT_TARGET = 10.1;
				MTL_ENABLE_DEBUG_INFO = NO;
				SDKROOT = iphoneos;
				SWIFT_OPTIMIZATION_LEVEL = "-Owholemodule";
				TARGETED_DEVICE_FAMILY = "1,2";
				VALIDATE_PRODUCT = YES;
			};
			name = Release;
		};
		90162E701DF497B10048364A /* Debug */ = {
			isa = XCBuildConfiguration;
			buildSettings = {
				ASSETCATALOG_COMPILER_APPICON_NAME = AppIcon;
				DEVELOPMENT_TEAM = Z42795RMH9;
				INFOPLIST_FILE = Fire60/Info.plist;
				IPHONEOS_DEPLOYMENT_TARGET = 10.0;
				LD_RUNPATH_SEARCH_PATHS = "$(inherited) @executable_path/Frameworks";
				PRODUCT_BUNDLE_IDENTIFIER = Swift60.Fire60;
				PRODUCT_NAME = "$(TARGET_NAME)";
				SWIFT_VERSION = 3.0;
			};
			name = Debug;
		};
		90162E711DF497B10048364A /* Release */ = {
			isa = XCBuildConfiguration;
			buildSettings = {
				ASSETCATALOG_COMPILER_APPICON_NAME = AppIcon;
				DEVELOPMENT_TEAM = Z42795RMH9;
				INFOPLIST_FILE = Fire60/Info.plist;
				IPHONEOS_DEPLOYMENT_TARGET = 10.0;
				LD_RUNPATH_SEARCH_PATHS = "$(inherited) @executable_path/Frameworks";
				PRODUCT_BUNDLE_IDENTIFIER = Swift60.Fire60;
				PRODUCT_NAME = "$(TARGET_NAME)";
				SWIFT_VERSION = 3.0;
			};
			name = Release;
		};
/* End XCBuildConfiguration section */

/* Begin XCConfigurationList section */
		90162E581DF497B10048364A /* Build configuration list for PBXProject "Fire60" */ = {
			isa = XCConfigurationList;
			buildConfigurations = (
				90162E6D1DF497B10048364A /* Debug */,
				90162E6E1DF497B10048364A /* Release */,
			);
			defaultConfigurationIsVisible = 0;
			defaultConfigurationName = Release;
		};
		90162E6F1DF497B10048364A /* Build configuration list for PBXNativeTarget "Fire60" */ = {
			isa = XCConfigurationList;
			buildConfigurations = (
				90162E701DF497B10048364A /* Debug */,
				90162E711DF497B10048364A /* Release */,
			);
			defaultConfigurationIsVisible = 0;
			defaultConfigurationName = Release;
		};
/* End XCConfigurationList section */
	};
	rootObject = 90162E551DF497B10048364A /* Project object */;
}
