// !$*UTF8*$!
{
	archiveVersion = 1;
	classes = {
	};
	objectVersion = 46;
	objects = {

/* Begin PBXBuildFile section */
		90C1BBEC1DFAC4E5006EF351 /* AppDelegate.swift in Sources */ = {isa = PBXBuildFile; fileRef = 90C1BBEB1DFAC4E5006EF351 /* AppDelegate.swift */; };
		90C1BBEE1DFAC4E5006EF351 /* ViewController.swift in Sources */ = {isa = PBXBuildFile; fileRef = 90C1BBED1DFAC4E5006EF351 /* ViewController.swift */; };
		90C1BBF11DFAC4E5006EF351 /* Main.storyboard in Resources */ = {isa = PBXBuildFile; fileRef = 90C1BBEF1DFAC4E5006EF351 /* Main.storyboard */; };
		90C1BBF31DFAC4E5006EF351 /* Assets.xcassets in Resources */ = {isa = PBXBuildFile; fileRef = 90C1BBF21DFAC4E5006EF351 /* Assets.xcassets */; };
		90C1BBF61DFAC4E5006EF351 /* LaunchScreen.storyboard in Resources */ = {isa = PBXBuildFile; fileRef = 90C1BBF41DFAC4E5006EF351 /* LaunchScreen.storyboard */; };
		90C1BBFE1DFACD1A006EF351 /* earth.png in Resources */ = {isa = PBXBuildFile; fileRef = 90C1BBFD1DFACD1A006EF351 /* earth.png */; };
		90C1BC001DFACD20006EF351 /* moon.png in Resources */ = {isa = PBXBuildFile; fileRef = 90C1BBFF1DFACD20006EF351 /* moon.png */; };
		90C1BC021DFAD0C6006EF351 /* space.jpg in Resources */ = {isa = PBXBuildFile; fileRef = 90C1BC011DFAD0C6006EF351 /* space.jpg */; };
/* End PBXBuildFile section */

/* Begin PBXFileReference section */
		90C1BBE81DFAC4E5006EF351 /* SolarSystem60.app */ = {isa = PBXFileReference; explicitFileType = wrapper.application; includeInIndex = 0; path = SolarSystem60.app; sourceTree = BUILT_PRODUCTS_DIR; };
		90C1BBEB1DFAC4E5006EF351 /* AppDelegate.swift */ = {isa = PBXFileReference; lastKnownFileType = sourcecode.swift; path = AppDelegate.swift; sourceTree = "<group>"; };
		90C1BBED1DFAC4E5006EF351 /* ViewController.swift */ = {isa = PBXFileReference; lastKnownFileType = sourcecode.swift; path = ViewController.swift; sourceTree = "<group>"; };
		90C1BBF01DFAC4E5006EF351 /* Base */ = {isa = PBXFileReference; lastKnownFileType = file.storyboard; name = Base; path = Base.lproj/Main.storyboard; sourceTree = "<group>"; };
		90C1BBF21DFAC4E5006EF351 /* Assets.xcassets */ = {isa = PBXFileReference; lastKnownFileType = folder.assetcatalog; path = Assets.xcassets; sourceTree = "<group>"; };
		90C1BBF51DFAC4E5006EF351 /* Base */ = {isa = PBXFileReference; lastKnownFileType = file.storyboard; name = Base; path = Base.lproj/LaunchScreen.storyboard; sourceTree = "<group>"; };
		90C1BBF71DFAC4E5006EF351 /* Info.plist */ = {isa = PBXFileReference; lastKnownFileType = text.plist.xml; path = Info.plist; sourceTree = "<group>"; };
		90C1BBFD1DFACD1A006EF351 /* earth.png */ = {isa = PBXFileReference; lastKnownFileType = image.png; path = earth.png; sourceTree = "<group>"; };
		90C1BBFF1DFACD20006EF351 /* moon.png */ = {isa = PBXFileReference; lastKnownFileType = image.png; path = moon.png; sourceTree = "<group>"; };
		90C1BC011DFAD0C6006EF351 /* space.jpg */ = {isa = PBXFileReference; lastKnownFileType = image.jpeg; path = space.jpg; sourceTree = "<group>"; };
/* End PBXFileReference section */

/* Begin PBXFrameworksBuildPhase section */
		90C1BBE51DFAC4E5006EF351 /* Frameworks */ = {
			isa = PBXFrameworksBuildPhase;
			buildActionMask = 2147483647;
			files = (
			);
			runOnlyForDeploymentPostprocessing = 0;
		};
/* End PBXFrameworksBuildPhase section */

/* Begin PBXGroup section */
		90C1BBDF1DFAC4E5006EF351 = {
			isa = PBXGroup;
			children = (
				90C1BBEA1DFAC4E5006EF351 /* SolarSystem60 */,
				90C1BBE91DFAC4E5006EF351 /* Products */,
			);
			sourceTree = "<group>";
		};
		90C1BBE91DFAC4E5006EF351 /* Products */ = {
			isa = PBXGroup;
			children = (
				90C1BBE81DFAC4E5006EF351 /* SolarSystem60.app */,
			);
			name = Products;
			sourceTree = "<group>";
		};
		90C1BBEA1DFAC4E5006EF351 /* SolarSystem60 */ = {
			isa = PBXGroup;
			children = (
				90C1BBFD1DFACD1A006EF351 /* earth.png */,
				90C1BBEB1DFAC4E5006EF351 /* AppDelegate.swift */,
				90C1BC011DFAD0C6006EF351 /* space.jpg */,
				90C1BBFF1DFACD20006EF351 /* moon.png */,
				90C1BBED1DFAC4E5006EF351 /* ViewController.swift */,
				90C1BBEF1DFAC4E5006EF351 /* Main.storyboard */,
				90C1BBF21DFAC4E5006EF351 /* Assets.xcassets */,
				90C1BBF41DFAC4E5006EF351 /* LaunchScreen.storyboard */,
				90C1BBF71DFAC4E5006EF351 /* Info.plist */,
			);
			path = SolarSystem60;
			sourceTree = "<group>";
		};
/* End PBXGroup section */

/* Begin PBXNativeTarget section */
		90C1BBE71DFAC4E5006EF351 /* SolarSystem60 */ = {
			isa = PBXNativeTarget;
			buildConfigurationList = 90C1BBFA1DFAC4E5006EF351 /* Build configuration list for PBXNativeTarget "SolarSystem60" */;
			buildPhases = (
				90C1BBE41DFAC4E5006EF351 /* Sources */,
				90C1BBE51DFAC4E5006EF351 /* Frameworks */,
				90C1BBE61DFAC4E5006EF351 /* Resources */,
			);
			buildRules = (
			);
			dependencies = (
			);
			name = SolarSystem60;
			productName = SolarSystem60;
			productReference = 90C1BBE81DFAC4E5006EF351 /* SolarSystem60.app */;
			productType = "com.apple.product-type.application";
		};
/* End PBXNativeTarget section */

/* Begin PBXProject section */
		90C1BBE01DFAC4E5006EF351 /* Project object */ = {
			isa = PBXProject;
			attributes = {
				LastSwiftUpdateCheck = 0810;
				LastUpgradeCheck = 0810;
				ORGANIZATIONNAME = "Sam Stone";
				TargetAttributes = {
					90C1BBE71DFAC4E5006EF351 = {
						CreatedOnToolsVersion = 8.1;
						DevelopmentTeam = Z42795RMH9;
						ProvisioningStyle = Automatic;
					};
				};
			};
			buildConfigurationList = 90C1BBE31DFAC4E5006EF351 /* Build configuration list for PBXProject "SolarSystem60" */;
			compatibilityVersion = "Xcode 3.2";
			developmentRegion = English;
			hasScannedForEncodings = 0;
			knownRegions = (
				en,
				Base,
			);
			mainGroup = 90C1BBDF1DFAC4E5006EF351;
			productRefGroup = 90C1BBE91DFAC4E5006EF351 /* Products */;
			projectDirPath = "";
			projectRoot = "";
			targets = (
				90C1BBE71DFAC4E5006EF351 /* SolarSystem60 */,
			);
		};
/* End PBXProject section */

/* Begin PBXResourcesBuildPhase section */
		90C1BBE61DFAC4E5006EF351 /* Resources */ = {
			isa = PBXResourcesBuildPhase;
			buildActionMask = 2147483647;
			files = (
				90C1BBFE1DFACD1A006EF351 /* earth.png in Resources */,
				90C1BBF61DFAC4E5006EF351 /* LaunchScreen.storyboard in Resources */,
				90C1BBF31DFAC4E5006EF351 /* Assets.xcassets in Resources */,
				90C1BC021DFAD0C6006EF351 /* space.jpg in Resources */,
				90C1BC001DFACD20006EF351 /* moon.png in Resources */,
				90C1BBF11DFAC4E5006EF351 /* Main.storyboard in Resources */,
			);
			runOnlyForDeploymentPostprocessing = 0;
		};
/* End PBXResourcesBuildPhase section */

/* Begin PBXSourcesBuildPhase section */
		90C1BBE41DFAC4E5006EF351 /* Sources */ = {
			isa = PBXSourcesBuildPhase;
			buildActionMask = 2147483647;
			files = (
				90C1BBEE1DFAC4E5006EF351 /* ViewController.swift in Sources */,
				90C1BBEC1DFAC4E5006EF351 /* AppDelegate.swift in Sources */,
			);
			runOnlyForDeploymentPostprocessing = 0;
		};
/* End PBXSourcesBuildPhase section */

/* Begin PBXVariantGroup section */
		90C1BBEF1DFAC4E5006EF351 /* Main.storyboard */ = {
			isa = PBXVariantGroup;
			children = (
				90C1BBF01DFAC4E5006EF351 /* Base */,
			);
			name = Main.storyboard;
			sourceTree = "<group>";
		};
		90C1BBF41DFAC4E5006EF351 /* LaunchScreen.storyboard */ = {
			isa = PBXVariantGroup;
			children = (
				90C1BBF51DFAC4E5006EF351 /* Base */,
			);
			name = LaunchScreen.storyboard;
			sourceTree = "<group>";
		};
/* End PBXVariantGroup section */

/* Begin XCBuildConfiguration section */
		90C1BBF81DFAC4E5006EF351 /* Debug */ = {
			isa = XCBuildConfiguration;
			buildSettings = {
				ALWAYS_SEARCH_USER_PATHS = NO;
				CLANG_ANALYZER_NONNULL = YES;
				CLANG_CXX_LANGUAGE_STANDARD = "gnu++0x";
				CLANG_CXX_LIBRARY = "libc++";
				CLANG_ENABLE_MODULES = YES;
				CLANG_ENABLE_OBJC_ARC = YES;
				CLANG_WARN_BOOL_CONVERSION = YES;
				CLANG_WARN_CONSTANT_CONVERSION = YES;
				CLANG_WARN_DIRECT_OBJC_ISA_USAGE = YES_ERROR;
				CLANG_WARN_DOCUMENTATION_COMMENTS = YES;
				CLANG_WARN_EMPTY_BODY = YES;
				CLANG_WARN_ENUM_CONVERSION = YES;
				CLANG_WARN_INFINITE_RECURSION = YES;
				CLANG_WARN_INT_CONVERSION = YES;
				CLANG_WARN_OBJC_ROOT_CLASS = YES_ERROR;
				CLANG_WARN_SUSPICIOUS_MOVES = YES;
				CLANG_WARN_UNREACHABLE_CODE = YES;
				CLANG_WARN__DUPLICATE_METHOD_MATCH = YES;
				"CODE_SIGN_IDENTITY[sdk=iphoneos*]" = "iPhone Developer";
				COPY_PHASE_STRIP = NO;
				DEBUG_INFORMATION_FORMAT = dwarf;
				ENABLE_STRICT_OBJC_MSGSEND = YES;
				ENABLE_TESTABILITY = YES;
				GCC_C_LANGUAGE_STANDARD = gnu99;
				GCC_DYNAMIC_NO_PIC = NO;
				GCC_NO_COMMON_BLOCKS = YES;
				GCC_OPTIMIZATION_LEVEL = 0;
				GCC_PREPROCESSOR_DEFINITIONS = (
					"DEBUG=1",
					"$(inherited)",
				);
				GCC_WARN_64_TO_32_BIT_CONVERSION = YES;
				GCC_WARN_ABOUT_RETURN_TYPE = YES_ERROR;
				GCC_WARN_UNDECLARED_SELECTOR = YES;
				GCC_WARN_UNINITIALIZED_AUTOS = YES_AGGRESSIVE;
				GCC_WARN_UNUSED_FUNCTION = YES;
				GCC_WARN_UNUSED_VARIABLE = YES;
				IPHONEOS_DEPLOYMENT_TARGET = 10.1;
				MTL_ENABLE_DEBUG_INFO = YES;
				ONLY_ACTIVE_ARCH = YES;
				SDKROOT = iphoneos;
				SWIFT_ACTIVE_COMPILATION_CONDITIONS = DEBUG;
				SWIFT_OPTIMIZATION_LEVEL = "-Onone";
			};
			name = Debug;
		};
		90C1BBF91DFAC4E5006EF351 /* Release */ = {
			isa = XCBuildConfiguration;
			buildSettings = {
				ALWAYS_SEARCH_USER_PATHS = NO;
				CLANG_ANALYZER_NONNULL = YES;
				CLANG_CXX_LANGUAGE_STANDARD = "gnu++0x";
				CLANG_CXX_LIBRARY = "libc++";
				CLANG_ENABLE_MODULES = YES;
				CLANG_ENABLE_OBJC_ARC = YES;
				CLANG_WARN_BOOL_CONVERSION = YES;
				CLANG_WARN_CONSTANT_CONVERSION = YES;
				CLANG_WARN_DIRECT_OBJC_ISA_USAGE = YES_ERROR;
				CLANG_WARN_DOCUMENTATION_COMMENTS = YES;
				CLANG_WARN_EMPTY_BODY = YES;
				CLANG_WARN_ENUM_CONVERSION = YES;
				CLANG_WARN_INFINITE_RECURSION = YES;
				CLANG_WARN_INT_CONVERSION = YES;
				CLANG_WARN_OBJC_ROOT_CLASS = YES_ERROR;
				CLANG_WARN_SUSPICIOUS_MOVES = YES;
				CLANG_WARN_UNREACHABLE_CODE = YES;
				CLANG_WARN__DUPLICATE_METHOD_MATCH = YES;
				"CODE_SIGN_IDENTITY[sdk=iphoneos*]" = "iPhone Developer";
				COPY_PHASE_STRIP = NO;
				DEBUG_INFORMATION_FORMAT = "dwarf-with-dsym";
				ENABLE_NS_ASSERTIONS = NO;
				ENABLE_STRICT_OBJC_MSGSEND = YES;
				GCC_C_LANGUAGE_STANDARD = gnu99;
				GCC_NO_COMMON_BLOCKS = YES;
				GCC_WARN_64_TO_32_BIT_CONVERSION = YES;
				GCC_WARN_ABOUT_RETURN_TYPE = YES_ERROR;
				GCC_WARN_UNDECLARED_SELECTOR = YES;
				GCC_WARN_UNINITIALIZED_AUTOS = YES_AGGRESSIVE;
				GCC_WARN_UNUSED_FUNCTION = YES;
				GCC_WARN_UNUSED_VARIABLE = YES;
				IPHONEOS_DEPLOYMENT_TARGET = 10.1;
				MTL_ENABLE_DEBUG_INFO = NO;
				SDKROOT = iphoneos;
				SWIFT_OPTIMIZATION_LEVEL = "-Owholemodule";
				VALIDATE_PRODUCT = YES;
			};
			name = Release;
		};
		90C1BBFB1DFAC4E5006EF351 /* Debug */ = {
			isa = XCBuildConfiguration;
			buildSettings = {
				ASSETCATALOG_COMPILER_APPICON_NAME = AppIcon;
				DEVELOPMENT_TEAM = Z42795RMH9;
				INFOPLIST_FILE = SolarSystem60/Info.plist;
				LD_RUNPATH_SEARCH_PATHS = "$(inherited) @executable_path/Frameworks";
				PRODUCT_BUNDLE_IDENTIFIER = Swift60.SolarSystem60;
				PRODUCT_NAME = "$(TARGET_NAME)";
				SWIFT_VERSION = 3.0;
			};
			name = Debug;
		};
		90C1BBFC1DFAC4E5006EF351 /* Release */ = {
			isa = XCBuildConfiguration;
			buildSettings = {
				ASSETCATALOG_COMPILER_APPICON_NAME = AppIcon;
				DEVELOPMENT_TEAM = Z42795RMH9;
				INFOPLIST_FILE = SolarSystem60/Info.plist;
				LD_RUNPATH_SEARCH_PATHS = "$(inherited) @executable_path/Frameworks";
				PRODUCT_BUNDLE_IDENTIFIER = Swift60.SolarSystem60;
				PRODUCT_NAME = "$(TARGET_NAME)";
				SWIFT_VERSION = 3.0;
			};
			name = Release;
		};
/* End XCBuildConfiguration section */

/* Begin XCConfigurationList section */
		90C1BBE31DFAC4E5006EF351 /* Build configuration list for PBXProject "SolarSystem60" */ = {
			isa = XCConfigurationList;
			buildConfigurations = (
				90C1BBF81DFAC4E5006EF351 /* Debug */,
				90C1BBF91DFAC4E5006EF351 /* Release */,
			);
			defaultConfigurationIsVisible = 0;
			defaultConfigurationName = Release;
		};
		90C1BBFA1DFAC4E5006EF351 /* Build configuration list for PBXNativeTarget "SolarSystem60" */ = {
			isa = XCConfigurationList;
			buildConfigurations = (
				90C1BBFB1DFAC4E5006EF351 /* Debug */,
				90C1BBFC1DFAC4E5006EF351 /* Release */,
			);
			defaultConfigurationIsVisible = 0;
		};
/* End XCConfigurationList section */
	};
	rootObject = 90C1BBE01DFAC4E5006EF351 /* Project object */;
}
